
Microsoft Visual Studio Solution File, Format Version 12.00
# Visual Studio Version 17
VisualStudioVersion = 17.0.31903.59
MinimumVisualStudioVersion = 10.0.40219.1
Project("{FAE04EC0-301F-11D3-BF4B-00C04F79EFBC}") = "BaseballApi", "Api\BaseballApi.csproj", "{69C7C5E9-E2F7-437E-98C4-97DF8623C6E8}"
EndProject
Project("{FAE04EC0-301F-11D3-BF4B-00C04F79EFBC}") = "BaseballApiTests", "ApiTests\BaseballApiTests.csproj", "{01FD78EE-2E24-4E97-BDD5-72AA923F757A}"
EndProject
Global
	GlobalSection(SolutionConfigurationPlatforms) = preSolution
		Debug|Any CPU = Debug|Any CPU
		Release|Any CPU = Release|Any CPU
	EndGlobalSection
	GlobalSection(SolutionProperties) = preSolution
		HideSolutionNode = FALSE
	EndGlobalSection
	GlobalSection(ProjectConfigurationPlatforms) = postSolution
		{69C7C5E9-E2F7-437E-98C4-97DF8623C6E8}.Debug|Any CPU.ActiveCfg = Debug|Any CPU
		{69C7C5E9-E2F7-437E-98C4-97DF8623C6E8}.Debug|Any CPU.Build.0 = Debug|Any CPU
		{69C7C5E9-E2F7-437E-98C4-97DF8623C6E8}.Release|Any CPU.ActiveCfg = Release|Any CPU
		{69C7C5E9-E2F7-437E-98C4-97DF8623C6E8}.Release|Any CPU.Build.0 = Release|Any CPU
		{01FD78EE-2E24-4E97-BDD5-72AA923F757A}.Debug|Any CPU.ActiveCfg = Debug|Any CPU
		{01FD78EE-2E24-4E97-BDD5-72AA923F757A}.Debug|Any CPU.Build.0 = Debug|Any CPU
		{01FD78EE-2E24-4E97-BDD5-72AA923F757A}.Release|Any CPU.ActiveCfg = Release|Any CPU
		{01FD78EE-2E24-4E97-BDD5-72AA923F757A}.Release|Any CPU.Build.0 = Release|Any CPU
	EndGlobalSection
EndGlobal
